{
  "requires": true,
  "lockfileVersion": 1,
  "dependencies": {
    "rollup": {
      "version": "0.51.3",
      "resolved": "https://registry.npmjs.org/rollup/-/rollup-0.51.3.tgz",
      "integrity": "sha512-K9oygeFN+DhZTyWxAu0S/6cYMKSE9F2YXjXItwzBf8lRBRFRiQLurXkeUbqE+LCxvMtauiMFMApPb8YNyHT0Vw=="
    }
  }
}
